{
  "name": "@crowsfow/fow-1",
  "version": "1.0.0",
  "lockfileVersion": 3,
  "requires": true,
  "packages": {
    "": {
      "name": "@crowsfow/fow-1",
      "version": "1.0.0",
      "license": "ISC",
      "dependencies": {
        "@crowsfow/fow-1": "^1.0.0",
        "fow-1": "^1.0.0"
      }
    },
    "node_modules/@crowsfow/fow-1": {
      "version": "1.0.0",
      "resolved": "https://registry.npmjs.org/@crowsfow/fow-1/-/fow-1-1.0.0.tgz",
      "integrity": "sha512-e6J+ncZeCvPMq0/E20mIEM62abm7xT3gfVbd1qbdOTWUdQCV0Cnznwsp/qrybwpUCtHZy/4SBRfLHpz9u02whQ==",
      "dependencies": {
        "fow-1": "^1.0.0"
      }
    },
    "node_modules/fow-1": {
      "version": "1.0.0",
      "resolved": "https://registry.npmjs.org/fow-1/-/fow-1-1.0.0.tgz",
      "integrity": "sha512-9of6KJO5bIye1z/Hjej2WctNjS7khy+QGnvxt0nftl7wr3ssi6HoGYiqkBwAuBN4ltPn/I0WX3rQTLFWDCe53Q=="
    }
  }
}
